// !$*UTF8*$!
{
	archiveVersion = 1;
	classes = {
	};
	objectVersion = 46;
	objects = {

/* Begin PBXBuildFile section */
		5B6D9D041EC88E620059E95D /* AppDelegate.swift in Sources */ = {isa = PBXBuildFile; fileRef = 5B6D9D031EC88E620059E95D /* AppDelegate.swift */; };
		5B6D9D061EC88E620059E95D /* ViewController.swift in Sources */ = {isa = PBXBuildFile; fileRef = 5B6D9D051EC88E620059E95D /* ViewController.swift */; };
		5B6D9D091EC88E620059E95D /* Main.storyboard in Resources */ = {isa = PBXBuildFile; fileRef = 5B6D9D071EC88E620059E95D /* Main.storyboard */; };
		5B6D9D0B1EC88E620059E95D /* Assets.xcassets in Resources */ = {isa = PBXBuildFile; fileRef = 5B6D9D0A1EC88E620059E95D /* Assets.xcassets */; };
		5B6D9D0E1EC88E620059E95D /* LaunchScreen.storyboard in Resources */ = {isa = PBXBuildFile; fileRef = 5B6D9D0C1EC88E620059E95D /* LaunchScreen.storyboard */; };
		5B6D9D161EC8A09B0059E95D /* Minecraft.ttf in Resources */ = {isa = PBXBuildFile; fileRef = 5B6D9D151EC8A09B0059E95D /* Minecraft.ttf */; };
		5B6D9D181EC8A7150059E95D /* btn.wav in Resources */ = {isa = PBXBuildFile; fileRef = 5B6D9D171EC8A7150059E95D /* btn.wav */; };
/* End PBXBuildFile section */

/* Begin PBXFileReference section */
		5B6D9D001EC88E620059E95D /* RetroCalc.app */ = {isa = PBXFileReference; explicitFileType = wrapper.application; includeInIndex = 0; path = RetroCalc.app; sourceTree = BUILT_PRODUCTS_DIR; };
		5B6D9D031EC88E620059E95D /* AppDelegate.swift */ = {isa = PBXFileReference; lastKnownFileType = sourcecode.swift; path = AppDelegate.swift; sourceTree = "<group>"; };
		5B6D9D051EC88E620059E95D /* ViewController.swift */ = {isa = PBXFileReference; lastKnownFileType = sourcecode.swift; path = ViewController.swift; sourceTree = "<group>"; };
		5B6D9D081EC88E620059E95D /* Base */ = {isa = PBXFileReference; lastKnownFileType = file.storyboard; name = Base; path = Base.lproj/Main.storyboard; sourceTree = "<group>"; };
		5B6D9D0A1EC88E620059E95D /* Assets.xcassets */ = {isa = PBXFileReference; lastKnownFileType = folder.assetcatalog; path = Assets.xcassets; sourceTree = "<group>"; };
		5B6D9D0D1EC88E620059E95D /* Base */ = {isa = PBXFileReference; lastKnownFileType = file.storyboard; name = Base; path = Base.lproj/LaunchScreen.storyboard; sourceTree = "<group>"; };
		5B6D9D0F1EC88E620059E95D /* Info.plist */ = {isa = PBXFileReference; lastKnownFileType = text.plist.xml; path = Info.plist; sourceTree = "<group>"; };
		5B6D9D151EC8A09B0059E95D /* Minecraft.ttf */ = {isa = PBXFileReference; lastKnownFileType = file; path = Minecraft.ttf; sourceTree = "<group>"; };
		5B6D9D171EC8A7150059E95D /* btn.wav */ = {isa = PBXFileReference; lastKnownFileType = audio.wav; path = btn.wav; sourceTree = "<group>"; };
/* End PBXFileReference section */

/* Begin PBXFrameworksBuildPhase section */
		5B6D9CFD1EC88E620059E95D /* Frameworks */ = {
			isa = PBXFrameworksBuildPhase;
			buildActionMask = 2147483647;
			files = (
			);
			runOnlyForDeploymentPostprocessing = 0;
		};
/* End PBXFrameworksBuildPhase section */

/* Begin PBXGroup section */
		5B6D9CF71EC88E620059E95D = {
			isa = PBXGroup;
			children = (
				5B6D9D021EC88E620059E95D /* RetroCalc */,
				5B6D9D011EC88E620059E95D /* Products */,
			);
			sourceTree = "<group>";
		};
		5B6D9D011EC88E620059E95D /* Products */ = {
			isa = PBXGroup;
			children = (
				5B6D9D001EC88E620059E95D /* RetroCalc.app */,
			);
			name = Products;
			sourceTree = "<group>";
		};
		5B6D9D021EC88E620059E95D /* RetroCalc */ = {
			isa = PBXGroup;
			children = (
				5B6D9D151EC8A09B0059E95D /* Minecraft.ttf */,
				5B6D9D171EC8A7150059E95D /* btn.wav */,
				5B6D9D031EC88E620059E95D /* AppDelegate.swift */,
				5B6D9D051EC88E620059E95D /* ViewController.swift */,
				5B6D9D071EC88E620059E95D /* Main.storyboard */,
				5B6D9D0A1EC88E620059E95D /* Assets.xcassets */,
				5B6D9D0C1EC88E620059E95D /* LaunchScreen.storyboard */,
				5B6D9D0F1EC88E620059E95D /* Info.plist */,
			);
			path = RetroCalc;
			sourceTree = "<group>";
		};
/* End PBXGroup section */

/* Begin PBXNativeTarget section */
		5B6D9CFF1EC88E620059E95D /* RetroCalc */ = {
			isa = PBXNativeTarget;
			buildConfigurationList = 5B6D9D121EC88E620059E95D /* Build configuration list for PBXNativeTarget "RetroCalc" */;
			buildPhases = (
				5B6D9CFC1EC88E620059E95D /* Sources */,
				5B6D9CFD1EC88E620059E95D /* Frameworks */,
				5B6D9CFE1EC88E620059E95D /* Resources */,
			);
			buildRules = (
			);
			dependencies = (
			);
			name = RetroCalc;
			productName = RetroCalc;
			productReference = 5B6D9D001EC88E620059E95D /* RetroCalc.app */;
			productType = "com.apple.product-type.application";
		};
/* End PBXNativeTarget section */

/* Begin PBXProject section */
		5B6D9CF81EC88E620059E95D /* Project object */ = {
			isa = PBXProject;
			attributes = {
				LastSwiftUpdateCheck = 0830;
				LastUpgradeCheck = 0830;
				ORGANIZATIONNAME = "Shuang Wu";
				TargetAttributes = {
					5B6D9CFF1EC88E620059E95D = {
						CreatedOnToolsVersion = 8.3;
						DevelopmentTeam = X994EA75QF;
						ProvisioningStyle = Automatic;
					};
				};
			};
			buildConfigurationList = 5B6D9CFB1EC88E620059E95D /* Build configuration list for PBXProject "RetroCalc" */;
			compatibilityVersion = "Xcode 3.2";
			developmentRegion = English;
			hasScannedForEncodings = 0;
			knownRegions = (
				en,
				Base,
			);
			mainGroup = 5B6D9CF71EC88E620059E95D;
			productRefGroup = 5B6D9D011EC88E620059E95D /* Products */;
			projectDirPath = "";
			projectRoot = "";
			targets = (
				5B6D9CFF1EC88E620059E95D /* RetroCalc */,
			);
		};
/* End PBXProject section */

/* Begin PBXResourcesBuildPhase section */
		5B6D9CFE1EC88E620059E95D /* Resources */ = {
			isa = PBXResourcesBuildPhase;
			buildActionMask = 2147483647;
			files = (
				5B6D9D181EC8A7150059E95D /* btn.wav in Resources */,
				5B6D9D0E1EC88E620059E95D /* LaunchScreen.storyboard in Resources */,
				5B6D9D0B1EC88E620059E95D /* Assets.xcassets in Resources */,
				5B6D9D161EC8A09B0059E95D /* Minecraft.ttf in Resources */,
				5B6D9D091EC88E620059E95D /* Main.storyboard in Resources */,
			);
			runOnlyForDeploymentPostprocessing = 0;
		};
/* End PBXResourcesBuildPhase section */

/* Begin PBXSourcesBuildPhase section */
		5B6D9CFC1EC88E620059E95D /* Sources */ = {
			isa = PBXSourcesBuildPhase;
			buildActionMask = 2147483647;
			files = (
				5B6D9D061EC88E620059E95D /* ViewController.swift in Sources */,
				5B6D9D041EC88E620059E95D /* AppDelegate.swift in Sources */,
			);
			runOnlyForDeploymentPostprocessing = 0;
		};
/* End PBXSourcesBuildPhase section */

/* Begin PBXVariantGroup section */
		5B6D9D071EC88E620059E95D /* Main.storyboard */ = {
			isa = PBXVariantGroup;
			children = (
				5B6D9D081EC88E620059E95D /* Base */,
			);
			name = Main.storyboard;
			sourceTree = "<group>";
		};
		5B6D9D0C1EC88E620059E95D /* LaunchScreen.storyboard */ = {
			isa = PBXVariantGroup;
			children = (
				5B6D9D0D1EC88E620059E95D /* Base */,
			);
			name = LaunchScreen.storyboard;
			sourceTree = "<group>";
		};
/* End PBXVariantGroup section */

/* Begin XCBuildConfiguration section */
		5B6D9D101EC88E620059E95D /* Debug */ = {
			isa = XCBuildConfiguration;
			buildSettings = {
				ALWAYS_SEARCH_USER_PATHS = NO;
				CLANG_ANALYZER_NONNULL = YES;
				CLANG_ANALYZER_NUMBER_OBJECT_CONVERSION = YES_AGGRESSIVE;
				CLANG_CXX_LANGUAGE_STANDARD = "gnu++0x";
				CLANG_CXX_LIBRARY = "libc++";
				CLANG_ENABLE_MODULES = YES;
				CLANG_ENABLE_OBJC_ARC = YES;
				CLANG_WARN_BOOL_CONVERSION = YES;
				CLANG_WARN_CONSTANT_CONVERSION = YES;
				CLANG_WARN_DIRECT_OBJC_ISA_USAGE = YES_ERROR;
				CLANG_WARN_DOCUMENTATION_COMMENTS = YES;
				CLANG_WARN_EMPTY_BODY = YES;
				CLANG_WARN_ENUM_CONVERSION = YES;
				CLANG_WARN_INFINITE_RECURSION = YES;
				CLANG_WARN_INT_CONVERSION = YES;
				CLANG_WARN_OBJC_ROOT_CLASS = YES_ERROR;
				CLANG_WARN_SUSPICIOUS_MOVE = YES;
				CLANG_WARN_UNREACHABLE_CODE = YES;
				CLANG_WARN__DUPLICATE_METHOD_MATCH = YES;
				"CODE_SIGN_IDENTITY[sdk=iphoneos*]" = "iPhone Developer";
				COPY_PHASE_STRIP = NO;
				DEBUG_INFORMATION_FORMAT = dwarf;
				ENABLE_STRICT_OBJC_MSGSEND = YES;
				ENABLE_TESTABILITY = YES;
				GCC_C_LANGUAGE_STANDARD = gnu99;
				GCC_DYNAMIC_NO_PIC = NO;
				GCC_NO_COMMON_BLOCKS = YES;
				GCC_OPTIMIZATION_LEVEL = 0;
				GCC_PREPROCESSOR_DEFINITIONS = (
					"DEBUG=1",
					"$(inherited)",
				);
				GCC_WARN_64_TO_32_BIT_CONVERSION = YES;
				GCC_WARN_ABOUT_RETURN_TYPE = YES_ERROR;
				GCC_WARN_UNDECLARED_SELECTOR = YES;
				GCC_WARN_UNINITIALIZED_AUTOS = YES_AGGRESSIVE;
				GCC_WARN_UNUSED_FUNCTION = YES;
				GCC_WARN_UNUSED_VARIABLE = YES;
				IPHONEOS_DEPLOYMENT_TARGET = 10.3;
				MTL_ENABLE_DEBUG_INFO = YES;
				ONLY_ACTIVE_ARCH = YES;
				SDKROOT = iphoneos;
				SWIFT_ACTIVE_COMPILATION_CONDITIONS = DEBUG;
				SWIFT_OPTIMIZATION_LEVEL = "-Onone";
			};
			name = Debug;
		};
		5B6D9D111EC88E620059E95D /* Release */ = {
			isa = XCBuildConfiguration;
			buildSettings = {
				ALWAYS_SEARCH_USER_PATHS = NO;
				CLANG_ANALYZER_NONNULL = YES;
				CLANG_ANALYZER_NUMBER_OBJECT_CONVERSION = YES_AGGRESSIVE;
				CLANG_CXX_LANGUAGE_STANDARD = "gnu++0x";
				CLANG_CXX_LIBRARY = "libc++";
				CLANG_ENABLE_MODULES = YES;
				CLANG_ENABLE_OBJC_ARC = YES;
				CLANG_WARN_BOOL_CONVERSION = YES;
				CLANG_WARN_CONSTANT_CONVERSION = YES;
				CLANG_WARN_DIRECT_OBJC_ISA_USAGE = YES_ERROR;
				CLANG_WARN_DOCUMENTATION_COMMENTS = YES;
				CLANG_WARN_EMPTY_BODY = YES;
				CLANG_WARN_ENUM_CONVERSION = YES;
				CLANG_WARN_INFINITE_RECURSION = YES;
				CLANG_WARN_INT_CONVERSION = YES;
				CLANG_WARN_OBJC_ROOT_CLASS = YES_ERROR;
				CLANG_WARN_SUSPICIOUS_MOVE = YES;
				CLANG_WARN_UNREACHABLE_CODE = YES;
				CLANG_WARN__DUPLICATE_METHOD_MATCH = YES;
				"CODE_SIGN_IDENTITY[sdk=iphoneos*]" = "iPhone Developer";
				COPY_PHASE_STRIP = NO;
				DEBUG_INFORMATION_FORMAT = "dwarf-with-dsym";
				ENABLE_NS_ASSERTIONS = NO;
				ENABLE_STRICT_OBJC_MSGSEND = YES;
				GCC_C_LANGUAGE_STANDARD = gnu99;
				GCC_NO_COMMON_BLOCKS = YES;
				GCC_WARN_64_TO_32_BIT_CONVERSION = YES;
				GCC_WARN_ABOUT_RETURN_TYPE = YES_ERROR;
				GCC_WARN_UNDECLARED_SELECTOR = YES;
				GCC_WARN_UNINITIALIZED_AUTOS = YES_AGGRESSIVE;
				GCC_WARN_UNUSED_FUNCTION = YES;
				GCC_WARN_UNUSED_VARIABLE = YES;
				IPHONEOS_DEPLOYMENT_TARGET = 10.3;
				MTL_ENABLE_DEBUG_INFO = NO;
				SDKROOT = iphoneos;
				SWIFT_OPTIMIZATION_LEVEL = "-Owholemodule";
				VALIDATE_PRODUCT = YES;
			};
			name = Release;
		};
		5B6D9D131EC88E620059E95D /* Debug */ = {
			isa = XCBuildConfiguration;
			buildSettings = {
				ASSETCATALOG_COMPILER_APPICON_NAME = AppIcon;
				DEVELOPMENT_TEAM = X994EA75QF;
				INFOPLIST_FILE = RetroCalc/Info.plist;
				LD_RUNPATH_SEARCH_PATHS = "$(inherited) @executable_path/Frameworks";
				PRODUCT_BUNDLE_IDENTIFIER = "wushuangemma-inc.RetroCalc";
				PRODUCT_NAME = "$(TARGET_NAME)";
				SWIFT_VERSION = 3.0;
			};
			name = Debug;
		};
		5B6D9D141EC88E620059E95D /* Release */ = {
			isa = XCBuildConfiguration;
			buildSettings = {
				ASSETCATALOG_COMPILER_APPICON_NAME = AppIcon;
				DEVELOPMENT_TEAM = X994EA75QF;
				INFOPLIST_FILE = RetroCalc/Info.plist;
				LD_RUNPATH_SEARCH_PATHS = "$(inherited) @executable_path/Frameworks";
				PRODUCT_BUNDLE_IDENTIFIER = "wushuangemma-inc.RetroCalc";
				PRODUCT_NAME = "$(TARGET_NAME)";
				SWIFT_VERSION = 3.0;
			};
			name = Release;
		};
/* End XCBuildConfiguration section */

/* Begin XCConfigurationList section */
		5B6D9CFB1EC88E620059E95D /* Build configuration list for PBXProject "RetroCalc" */ = {
			isa = XCConfigurationList;
			buildConfigurations = (
				5B6D9D101EC88E620059E95D /* Debug */,
				5B6D9D111EC88E620059E95D /* Release */,
			);
			defaultConfigurationIsVisible = 0;
			defaultConfigurationName = Release;
		};
		5B6D9D121EC88E620059E95D /* Build configuration list for PBXNativeTarget "RetroCalc" */ = {
			isa = XCConfigurationList;
			buildConfigurations = (
				5B6D9D131EC88E620059E95D /* Debug */,
				5B6D9D141EC88E620059E95D /* Release */,
			);
			defaultConfigurationIsVisible = 0;
		};
/* End XCConfigurationList section */
	};
	rootObject = 5B6D9CF81EC88E620059E95D /* Project object */;
}
